
Microsoft Visual Studio Solution File, Format Version 12.00
# Visual Studio Version 17
VisualStudioVersion = 17.5.002.0
MinimumVisualStudioVersion = 10.0.40219.1
Project("{9A19103F-16F7-4668-BE54-9A1E7A4F7556}") = "helloworld", "helloworld.csproj", "{DC2599A9-EF83-4697-8DDC-D35475ECB797}"
EndProject
Global
	GlobalSection(SolutionConfigurationPlatforms) = preSolution
		Debug|Any CPU = Debug|Any CPU
		Release|Any CPU = Release|Any CPU
	EndGlobalSection
	GlobalSection(ProjectConfigurationPlatforms) = postSolution
		{DC2599A9-EF83-4697-8DDC-D35475ECB797}.Debug|Any CPU.ActiveCfg = Debug|Any CPU
		{DC2599A9-EF83-4697-8DDC-D35475ECB797}.Debug|Any CPU.Build.0 = Debug|Any CPU
		{DC2599A9-EF83-4697-8DDC-D35475ECB797}.Release|Any CPU.ActiveCfg = Release|Any CPU
		{DC2599A9-EF83-4697-8DDC-D35475ECB797}.Release|Any CPU.Build.0 = Release|Any CPU
	EndGlobalSection
	GlobalSection(SolutionProperties) = preSolution
		HideSolutionNode = FALSE
	EndGlobalSection
	GlobalSection(ExtensibilityGlobals) = postSolution
		SolutionGuid = {DE7A237A-4849-4D76-9F85-B05D99535993}
	EndGlobalSection
EndGlobal
